
Microsoft Visual Studio Solution File, Format Version 12.00
# Visual Studio Version 16
VisualStudioVersion = 16.0.30204.135
MinimumVisualStudioVersion = 10.0.40219.1
Project("{FAE04EC0-301F-11D3-BF4B-00C04F79EFBC}") = "BMI", "BMI\BMI.csproj", "{29FA400C-0DDD-4049-8132-633A054C270C}"
EndProject
Global
	GlobalSection(SolutionConfigurationPlatforms) = preSolution
		Debug|Any CPU = Debug|Any CPU
		Release|Any CPU = Release|Any CPU
	EndGlobalSection
	GlobalSection(ProjectConfigurationPlatforms) = postSolution
		{29FA400C-0DDD-4049-8132-633A054C270C}.Debug|Any CPU.ActiveCfg = Debug|Any CPU
		{29FA400C-0DDD-4049-8132-633A054C270C}.Debug|Any CPU.Build.0 = Debug|Any CPU
		{29FA400C-0DDD-4049-8132-633A054C270C}.Release|Any CPU.ActiveCfg = Release|Any CPU
		{29FA400C-0DDD-4049-8132-633A054C270C}.Release|Any CPU.Build.0 = Release|Any CPU
	EndGlobalSection
	GlobalSection(SolutionProperties) = preSolution
		HideSolutionNode = FALSE
	EndGlobalSection
	GlobalSection(ExtensibilityGlobals) = postSolution
		SolutionGuid = {0774AB7C-35DC-468B-9072-21A4F62DBB7B}
	EndGlobalSection
EndGlobal
